{
  "name": "gcc-web-design-co",
  "version": "1.0.0",
  "lockfileVersion": 1,
  "requires": true,
  "dependencies": {
    "async": {
      "version": "2.6.3",
      "resolved": "https://registry.npmjs.org/async/-/async-2.6.3.tgz",
      "integrity": "sha512-zflvls11DCy+dQWzTW2dzuilv8Z5X/pjfmZOWba6TNIVDm+2UDaJmXSOXlasHKfNBs8oo3M0aT50fDEWfKZjXg==",
      "requires": {
        "lodash": "^4.17.14"
      }
    },
    "jquery": {
      "version": "3.5.1",
      "resolved": "https://registry.npmjs.org/jquery/-/jquery-3.5.1.tgz",
      "integrity": "sha512-XwIBPqcMn57FxfT+Go5pzySnm4KWkT1Tv7gjrpT1srtf8Weynl6R273VJ5GjkRb51IzMp5nbaPjJXMWeju2MKg=="
    },
    "lodash": {
      "version": "4.17.15",
      "resolved": "https://registry.npmjs.org/lodash/-/lodash-4.17.15.tgz",
      "integrity": "sha512-8xOcRHvCjnocdS5cpwXQXVzmmh5e5+saE2QGoeQmbKmRS6J3VQppPOIt0MnmE+4xlZoumy0GPG0D0MVIQbNA1A=="
    },
    "mout": {
      "version": "0.11.1",
      "resolved": "https://registry.npmjs.org/mout/-/mout-0.11.1.tgz",
      "integrity": "sha1-ujYR318OWx/7/QEWa48C0fX6K5k="
    },
    "nyks": {
      "version": "2.31.3",
      "resolved": "https://registry.npmjs.org/nyks/-/nyks-2.31.3.tgz",
      "integrity": "sha1-Pa/bu+t2VRnECyN0fpGYw5oQNro=",
      "requires": {
        "async": "^2.0.0",
        "mout": "^1.0.0"
      },
      "dependencies": {
        "mout": {
          "version": "1.2.2",
          "resolved": "https://registry.npmjs.org/mout/-/mout-1.2.2.tgz",
          "integrity": "sha512-w0OUxFEla6z3d7sVpMZGBCpQvYh8PHS1wZ6Wu9GNKHMpAHWJ0if0LsQZh3DlOqw55HlhJEOMLpFnwtxp99Y5GA=="
        }
      }
    },
    "openssl": {
      "version": "1.1.0",
      "resolved": "https://registry.npmjs.org/openssl/-/openssl-1.1.0.tgz",
      "integrity": "sha1-cvklV37QyZUxMG+E0RU8oQvTrv0=",
      "requires": {
        "mout": "^0.11.1",
        "nyks": "^2.9.0"
      }
    },
    "slick-slider": {
      "version": "1.8.2",
      "resolved": "https://registry.npmjs.org/slick-slider/-/slick-slider-1.8.2.tgz",
      "integrity": "sha512-/NGT7QzlC1/LNu198ad+rM8xJcgSXgiptUPbY0oMmtZ/8K2G9s6mMpLo7um6FIIQ135vUjsnP2gWY5DKJe2qJw=="
    }
  }
}
